
Microsoft Visual Studio Solution File, Format Version 12.00
# Visual Studio Version 16
VisualStudioVersion = 16.0.29409.12
MinimumVisualStudioVersion = 10.0.40219.1
Project("{9A19103F-16F7-4668-BE54-9A1E7A4F7556}") = "FARTSLAM", "FARTSLAM.csproj", "{870A5C4E-75B0-4733-9B06-20C07FB9CEDA}"
EndProject
Global
	GlobalSection(SolutionConfigurationPlatforms) = preSolution
		Debug|Any CPU = Debug|Any CPU
		Release|Any CPU = Release|Any CPU
	EndGlobalSection
	GlobalSection(ProjectConfigurationPlatforms) = postSolution
		{870A5C4E-75B0-4733-9B06-20C07FB9CEDA}.Debug|Any CPU.ActiveCfg = Debug|Any CPU
		{870A5C4E-75B0-4733-9B06-20C07FB9CEDA}.Debug|Any CPU.Build.0 = Debug|Any CPU
		{870A5C4E-75B0-4733-9B06-20C07FB9CEDA}.Release|Any CPU.ActiveCfg = Release|Any CPU
		{870A5C4E-75B0-4733-9B06-20C07FB9CEDA}.Release|Any CPU.Build.0 = Release|Any CPU
	EndGlobalSection
	GlobalSection(SolutionProperties) = preSolution
		HideSolutionNode = FALSE
	EndGlobalSection
	GlobalSection(ExtensibilityGlobals) = postSolution
		SolutionGuid = {41CBC15B-480F-461D-82C3-F0CC18F5A01D}
	EndGlobalSection
EndGlobal
